{
	"name": "schoolvoxel",
	"version": "0.0.1",
	"lockfileVersion": 2,
	"requires": true,
	"packages": {
		"": {
			"name": "schoolvoxel",
			"version": "0.0.1",
			"dependencies": {
				"alea": "^1.0.1",
				"simplex-noise": "^4.0.1"
			}
		},
		"node_modules/alea": {
			"version": "1.0.1",
			"resolved": "https://registry.npmjs.org/alea/-/alea-1.0.1.tgz",
			"integrity": "sha512-QU+wv+ziDXaMxRdsQg/aH7sVfWdhKps5YP97IIwFkHCsbDZA3k87JXoZ5/iuemf4ntytzIWeScrRpae8+lDrXA=="
		},
		"node_modules/simplex-noise": {
			"version": "4.0.1",
			"resolved": "https://registry.npmjs.org/simplex-noise/-/simplex-noise-4.0.1.tgz",
			"integrity": "sha512-zl/+bdSqW7HJOQ0oDbxrNYaF4F5ik0i7M6YOYmEoIJNtg16NpvWaTTM1Y7oV/7T0jFljawLgYPS81Uu2rsfo1A=="
		}
	},
	"dependencies": {
		"alea": {
			"version": "1.0.1",
			"resolved": "https://registry.npmjs.org/alea/-/alea-1.0.1.tgz",
			"integrity": "sha512-QU+wv+ziDXaMxRdsQg/aH7sVfWdhKps5YP97IIwFkHCsbDZA3k87JXoZ5/iuemf4ntytzIWeScrRpae8+lDrXA=="
		},
		"simplex-noise": {
			"version": "4.0.1",
			"resolved": "https://registry.npmjs.org/simplex-noise/-/simplex-noise-4.0.1.tgz",
			"integrity": "sha512-zl/+bdSqW7HJOQ0oDbxrNYaF4F5ik0i7M6YOYmEoIJNtg16NpvWaTTM1Y7oV/7T0jFljawLgYPS81Uu2rsfo1A=="
		}
	}
}
